
Microsoft Visual Studio Solution File, Format Version 12.00
# Visual Studio Version 17
VisualStudioVersion = 17.2.32519.379
MinimumVisualStudioVersion = 10.0.40219.1
Project("{FAE04EC0-301F-11D3-BF4B-00C04F79EFBC}") = "HomeWork1362", "HomeWork1362\HomeWork1362.csproj", "{F001459D-3E62-4796-9190-07AC48D21840}"
EndProject
Global
	GlobalSection(SolutionConfigurationPlatforms) = preSolution
		Debug|Any CPU = Debug|Any CPU
		Release|Any CPU = Release|Any CPU
	EndGlobalSection
	GlobalSection(ProjectConfigurationPlatforms) = postSolution
		{F001459D-3E62-4796-9190-07AC48D21840}.Debug|Any CPU.ActiveCfg = Debug|Any CPU
		{F001459D-3E62-4796-9190-07AC48D21840}.Debug|Any CPU.Build.0 = Debug|Any CPU
		{F001459D-3E62-4796-9190-07AC48D21840}.Release|Any CPU.ActiveCfg = Release|Any CPU
		{F001459D-3E62-4796-9190-07AC48D21840}.Release|Any CPU.Build.0 = Release|Any CPU
	EndGlobalSection
	GlobalSection(SolutionProperties) = preSolution
		HideSolutionNode = FALSE
	EndGlobalSection
	GlobalSection(ExtensibilityGlobals) = postSolution
		SolutionGuid = {3234834B-F5F1-4E94-82FE-EABCA8E39D2C}
	EndGlobalSection
EndGlobal
